
Microsoft Visual Studio Solution File, Format Version 12.00
# Visual Studio Version 16
VisualStudioVersion = 16.0.31911.196
MinimumVisualStudioVersion = 10.0.40219.1
Project("{FAE04EC0-301F-11D3-BF4B-00C04F79EFBC}") = "Negocio", "Negocio\Negocio.csproj", "{6FBC23BA-EEC4-4B1F-9675-9A09A58550F9}"
EndProject
Project("{FAE04EC0-301F-11D3-BF4B-00C04F79EFBC}") = "Datos", "Datos\Datos.csproj", "{20C1FAB8-F753-4B93-822B-FA89E025D861}"
EndProject
Project("{FAE04EC0-301F-11D3-BF4B-00C04F79EFBC}") = "Presentacion", "Presentacion\Presentacion.csproj", "{C1CDD568-17B5-4A61-913D-B5B14DADED30}"
EndProject
Global
	GlobalSection(SolutionConfigurationPlatforms) = preSolution
		Debug|Any CPU = Debug|Any CPU
		Release|Any CPU = Release|Any CPU
	EndGlobalSection
	GlobalSection(ProjectConfigurationPlatforms) = postSolution
		{6FBC23BA-EEC4-4B1F-9675-9A09A58550F9}.Debug|Any CPU.ActiveCfg = Debug|Any CPU
		{6FBC23BA-EEC4-4B1F-9675-9A09A58550F9}.Debug|Any CPU.Build.0 = Debug|Any CPU
		{6FBC23BA-EEC4-4B1F-9675-9A09A58550F9}.Release|Any CPU.ActiveCfg = Release|Any CPU
		{6FBC23BA-EEC4-4B1F-9675-9A09A58550F9}.Release|Any CPU.Build.0 = Release|Any CPU
		{20C1FAB8-F753-4B93-822B-FA89E025D861}.Debug|Any CPU.ActiveCfg = Debug|Any CPU
		{20C1FAB8-F753-4B93-822B-FA89E025D861}.Debug|Any CPU.Build.0 = Debug|Any CPU
		{20C1FAB8-F753-4B93-822B-FA89E025D861}.Release|Any CPU.ActiveCfg = Release|Any CPU
		{20C1FAB8-F753-4B93-822B-FA89E025D861}.Release|Any CPU.Build.0 = Release|Any CPU
		{C1CDD568-17B5-4A61-913D-B5B14DADED30}.Debug|Any CPU.ActiveCfg = Debug|Any CPU
		{C1CDD568-17B5-4A61-913D-B5B14DADED30}.Debug|Any CPU.Build.0 = Debug|Any CPU
		{C1CDD568-17B5-4A61-913D-B5B14DADED30}.Release|Any CPU.ActiveCfg = Release|Any CPU
		{C1CDD568-17B5-4A61-913D-B5B14DADED30}.Release|Any CPU.Build.0 = Release|Any CPU
	EndGlobalSection
	GlobalSection(SolutionProperties) = preSolution
		HideSolutionNode = FALSE
	EndGlobalSection
	GlobalSection(ExtensibilityGlobals) = postSolution
		SolutionGuid = {8C0F1F18-7B60-4A8E-9977-72A8BA0DF652}
	EndGlobalSection
EndGlobal
